
Microsoft Visual Studio Solution File, Format Version 12.00
# Visual Studio Version 17
VisualStudioVersion = 17.10.34928.147
MinimumVisualStudioVersion = 10.0.40219.1
Project("{FAE04EC0-301F-11D3-BF4B-00C04F79EFBC}") = "Web_Hulk", "Web_Hulk\Web_Hulk.csproj", "{B9727DA3-FCDA-4E39-875D-4E7418B704C4}"
EndProject
Global
	GlobalSection(SolutionConfigurationPlatforms) = preSolution
		Debug|Any CPU = Debug|Any CPU
		Release|Any CPU = Release|Any CPU
	EndGlobalSection
	GlobalSection(ProjectConfigurationPlatforms) = postSolution
		{B9727DA3-FCDA-4E39-875D-4E7418B704C4}.Debug|Any CPU.ActiveCfg = Debug|Any CPU
		{B9727DA3-FCDA-4E39-875D-4E7418B704C4}.Debug|Any CPU.Build.0 = Debug|Any CPU
		{B9727DA3-FCDA-4E39-875D-4E7418B704C4}.Release|Any CPU.ActiveCfg = Release|Any CPU
		{B9727DA3-FCDA-4E39-875D-4E7418B704C4}.Release|Any CPU.Build.0 = Release|Any CPU
	EndGlobalSection
	GlobalSection(SolutionProperties) = preSolution
		HideSolutionNode = FALSE
	EndGlobalSection
	GlobalSection(ExtensibilityGlobals) = postSolution
		SolutionGuid = {A18436BB-91BC-4B0E-97CB-8FC135414D24}
	EndGlobalSection
EndGlobal
